
Microsoft Visual Studio Solution File, Format Version 12.00
# Visual Studio Version 16
VisualStudioVersion = 16.0.30621.155
MinimumVisualStudioVersion = 10.0.40219.1
Project("{FAE04EC0-301F-11D3-BF4B-00C04F79EFBC}") = "SOCE.Library.UI", "SOCE.Library.UI\SOCE.Library.UI.csproj", "{6EB3BEF6-786E-4D2B-9716-198D2664B385}"
EndProject
Project("{FAE04EC0-301F-11D3-BF4B-00C04F79EFBC}") = "SOCE.Library.Db", "SOCE.Library.Db\SOCE.Library.Db.csproj", "{7F96F6CB-24AF-4DAD-9505-469F70377154}"
EndProject
Global
	GlobalSection(SolutionConfigurationPlatforms) = preSolution
		Debug|Any CPU = Debug|Any CPU
		Release|Any CPU = Release|Any CPU
	EndGlobalSection
	GlobalSection(ProjectConfigurationPlatforms) = postSolution
		{6EB3BEF6-786E-4D2B-9716-198D2664B385}.Debug|Any CPU.ActiveCfg = Debug|Any CPU
		{6EB3BEF6-786E-4D2B-9716-198D2664B385}.Debug|Any CPU.Build.0 = Debug|Any CPU
		{6EB3BEF6-786E-4D2B-9716-198D2664B385}.Release|Any CPU.ActiveCfg = Release|Any CPU
		{6EB3BEF6-786E-4D2B-9716-198D2664B385}.Release|Any CPU.Build.0 = Release|Any CPU
		{7F96F6CB-24AF-4DAD-9505-469F70377154}.Debug|Any CPU.ActiveCfg = Debug|Any CPU
		{7F96F6CB-24AF-4DAD-9505-469F70377154}.Debug|Any CPU.Build.0 = Debug|Any CPU
		{7F96F6CB-24AF-4DAD-9505-469F70377154}.Release|Any CPU.ActiveCfg = Release|Any CPU
		{7F96F6CB-24AF-4DAD-9505-469F70377154}.Release|Any CPU.Build.0 = Release|Any CPU
	EndGlobalSection
	GlobalSection(SolutionProperties) = preSolution
		HideSolutionNode = FALSE
	EndGlobalSection
	GlobalSection(ExtensibilityGlobals) = postSolution
		SolutionGuid = {366DA443-8339-4CA4-9495-3D24EEB41472}
	EndGlobalSection
EndGlobal
