
Microsoft Visual Studio Solution File, Format Version 12.00
# Visual Studio Version 16
VisualStudioVersion = 16.0.30621.155
MinimumVisualStudioVersion = 10.0.40219.1
Project("{9A19103F-16F7-4668-BE54-9A1E7A4F7556}") = "SOCE.Library.API", "WebApplication1\SOCE.Library.API.csproj", "{7F462201-D3C6-40CC-B171-C49C286EF814}"
EndProject
Project("{9A19103F-16F7-4668-BE54-9A1E7A4F7556}") = "SOCE.Library.Models", "SOCE.Library.Models\SOCE.Library.Models.csproj", "{B39FA02B-78F0-469C-BCD0-0C0A64D394D6}"
EndProject
Project("{9A19103F-16F7-4668-BE54-9A1E7A4F7556}") = "SOCE.Library.UI", "SOCE.Library.UI\SOCE.Library.UI.csproj", "{3DC3CC1E-A885-4A80-B4C5-9BC8AE639B02}"
EndProject
Global
	GlobalSection(SolutionConfigurationPlatforms) = preSolution
		Debug|Any CPU = Debug|Any CPU
		Release|Any CPU = Release|Any CPU
	EndGlobalSection
	GlobalSection(ProjectConfigurationPlatforms) = postSolution
		{7F462201-D3C6-40CC-B171-C49C286EF814}.Debug|Any CPU.ActiveCfg = Debug|Any CPU
		{7F462201-D3C6-40CC-B171-C49C286EF814}.Debug|Any CPU.Build.0 = Debug|Any CPU
		{7F462201-D3C6-40CC-B171-C49C286EF814}.Release|Any CPU.ActiveCfg = Release|Any CPU
		{7F462201-D3C6-40CC-B171-C49C286EF814}.Release|Any CPU.Build.0 = Release|Any CPU
		{B39FA02B-78F0-469C-BCD0-0C0A64D394D6}.Debug|Any CPU.ActiveCfg = Debug|Any CPU
		{B39FA02B-78F0-469C-BCD0-0C0A64D394D6}.Debug|Any CPU.Build.0 = Debug|Any CPU
		{B39FA02B-78F0-469C-BCD0-0C0A64D394D6}.Release|Any CPU.ActiveCfg = Release|Any CPU
		{B39FA02B-78F0-469C-BCD0-0C0A64D394D6}.Release|Any CPU.Build.0 = Release|Any CPU
		{3DC3CC1E-A885-4A80-B4C5-9BC8AE639B02}.Debug|Any CPU.ActiveCfg = Debug|Any CPU
		{3DC3CC1E-A885-4A80-B4C5-9BC8AE639B02}.Debug|Any CPU.Build.0 = Debug|Any CPU
		{3DC3CC1E-A885-4A80-B4C5-9BC8AE639B02}.Release|Any CPU.ActiveCfg = Release|Any CPU
		{3DC3CC1E-A885-4A80-B4C5-9BC8AE639B02}.Release|Any CPU.Build.0 = Release|Any CPU
	EndGlobalSection
	GlobalSection(SolutionProperties) = preSolution
		HideSolutionNode = FALSE
	EndGlobalSection
	GlobalSection(ExtensibilityGlobals) = postSolution
		SolutionGuid = {366DA443-8339-4CA4-9495-3D24EEB41472}
	EndGlobalSection
EndGlobal
