
Microsoft Visual Studio Solution File, Format Version 12.00
# Visual Studio Version 16
VisualStudioVersion = 16.0.30621.155
MinimumVisualStudioVersion = 10.0.40219.1
Project("{9A19103F-16F7-4668-BE54-9A1E7A4F7556}") = "SORD.Library.UI", "SORD.Library.UI\SORD.Library.UI.csproj", "{055CEED7-6BC1-4E04-A4A9-748B7CCF1378}"
EndProject
Project("{9A19103F-16F7-4668-BE54-9A1E7A4F7556}") = "SORD.Library.API", "SORD.Library.API\SORD.Library.API.csproj", "{DFF43BBB-8CBD-4522-984C-6A065920355F}"
EndProject
Project("{FAE04EC0-301F-11D3-BF4B-00C04F79EFBC}") = "SORD.Library.Models", "SORD.Library.Models\SORD.Library.Models.csproj", "{9E94E4DB-7319-4A13-89EA-F9CF5190D49F}"
EndProject
Global
	GlobalSection(SolutionConfigurationPlatforms) = preSolution
		Debug|Any CPU = Debug|Any CPU
		Release|Any CPU = Release|Any CPU
	EndGlobalSection
	GlobalSection(ProjectConfigurationPlatforms) = postSolution
		{055CEED7-6BC1-4E04-A4A9-748B7CCF1378}.Debug|Any CPU.ActiveCfg = Debug|Any CPU
		{055CEED7-6BC1-4E04-A4A9-748B7CCF1378}.Debug|Any CPU.Build.0 = Debug|Any CPU
		{055CEED7-6BC1-4E04-A4A9-748B7CCF1378}.Release|Any CPU.ActiveCfg = Release|Any CPU
		{055CEED7-6BC1-4E04-A4A9-748B7CCF1378}.Release|Any CPU.Build.0 = Release|Any CPU
		{DFF43BBB-8CBD-4522-984C-6A065920355F}.Debug|Any CPU.ActiveCfg = Debug|Any CPU
		{DFF43BBB-8CBD-4522-984C-6A065920355F}.Debug|Any CPU.Build.0 = Debug|Any CPU
		{DFF43BBB-8CBD-4522-984C-6A065920355F}.Release|Any CPU.ActiveCfg = Release|Any CPU
		{DFF43BBB-8CBD-4522-984C-6A065920355F}.Release|Any CPU.Build.0 = Release|Any CPU
		{9E94E4DB-7319-4A13-89EA-F9CF5190D49F}.Debug|Any CPU.ActiveCfg = Debug|Any CPU
		{9E94E4DB-7319-4A13-89EA-F9CF5190D49F}.Debug|Any CPU.Build.0 = Debug|Any CPU
		{9E94E4DB-7319-4A13-89EA-F9CF5190D49F}.Release|Any CPU.ActiveCfg = Release|Any CPU
		{9E94E4DB-7319-4A13-89EA-F9CF5190D49F}.Release|Any CPU.Build.0 = Release|Any CPU
	EndGlobalSection
	GlobalSection(SolutionProperties) = preSolution
		HideSolutionNode = FALSE
	EndGlobalSection
	GlobalSection(ExtensibilityGlobals) = postSolution
		SolutionGuid = {366DA443-8339-4CA4-9495-3D24EEB41472}
	EndGlobalSection
EndGlobal
