
Microsoft Visual Studio Solution File, Format Version 12.00
# Visual Studio Version 16
VisualStudioVersion = 16.0.30621.155
MinimumVisualStudioVersion = 10.0.40219.1
Project("{9A19103F-16F7-4668-BE54-9A1E7A4F7556}") = "SORD.Library.API", "SORD.Library.API\SORD.Library.API.csproj", "{F123CB45-696F-46D2-8C23-3A56FE8D8FEF}"
EndProject
Project("{00D1A9C2-B5F0-4AF3-8072-F6C62B433612}") = "SORD.Library.Db", "SORD.Library.Db\SORD.Library.Db.sqlproj", "{A471D7B8-43F2-442A-B733-19442A60EEC1}"
EndProject
Project("{9A19103F-16F7-4668-BE54-9A1E7A4F7556}") = "SORD.Library.Kernel", "SORD.Library.Kernel\SORD.Library.Kernel.csproj", "{D7BE3086-97D2-4498-A574-A82A6A03A952}"
EndProject
Project("{9A19103F-16F7-4668-BE54-9A1E7A4F7556}") = "SORD.Library.Access", "SORD.Library.Access\SORD.Library.Access.csproj", "{EDF6DA2B-84C3-49FB-8014-198650F6FAF6}"
EndProject
Project("{9A19103F-16F7-4668-BE54-9A1E7A4F7556}") = "SORD.Library.UI", "SORD.Library.UI\SORD.Library.UI.csproj", "{055CEED7-6BC1-4E04-A4A9-748B7CCF1378}"
EndProject
Project("{FAE04EC0-301F-11D3-BF4B-00C04F79EFBC}") = "SORD.Library.API.Test", "SORD.Library.API.Test\SORD.Library.API.Test.csproj", "{2687CC28-E6B9-43E9-871A-38B14E7C63D1}"
EndProject
Project("{FAE04EC0-301F-11D3-BF4B-00C04F79EFBC}") = "test", "test\test.csproj", "{9EF7F1ED-7821-4D6C-971C-528E4B530B6E}"
EndProject
Global
	GlobalSection(SolutionConfigurationPlatforms) = preSolution
		Debug|Any CPU = Debug|Any CPU
		Release|Any CPU = Release|Any CPU
	EndGlobalSection
	GlobalSection(ProjectConfigurationPlatforms) = postSolution
		{F123CB45-696F-46D2-8C23-3A56FE8D8FEF}.Debug|Any CPU.ActiveCfg = Debug|Any CPU
		{F123CB45-696F-46D2-8C23-3A56FE8D8FEF}.Debug|Any CPU.Build.0 = Debug|Any CPU
		{F123CB45-696F-46D2-8C23-3A56FE8D8FEF}.Release|Any CPU.ActiveCfg = Release|Any CPU
		{F123CB45-696F-46D2-8C23-3A56FE8D8FEF}.Release|Any CPU.Build.0 = Release|Any CPU
		{A471D7B8-43F2-442A-B733-19442A60EEC1}.Debug|Any CPU.ActiveCfg = Debug|Any CPU
		{A471D7B8-43F2-442A-B733-19442A60EEC1}.Debug|Any CPU.Build.0 = Debug|Any CPU
		{A471D7B8-43F2-442A-B733-19442A60EEC1}.Debug|Any CPU.Deploy.0 = Debug|Any CPU
		{A471D7B8-43F2-442A-B733-19442A60EEC1}.Release|Any CPU.ActiveCfg = Release|Any CPU
		{A471D7B8-43F2-442A-B733-19442A60EEC1}.Release|Any CPU.Build.0 = Release|Any CPU
		{A471D7B8-43F2-442A-B733-19442A60EEC1}.Release|Any CPU.Deploy.0 = Release|Any CPU
		{D7BE3086-97D2-4498-A574-A82A6A03A952}.Debug|Any CPU.ActiveCfg = Debug|Any CPU
		{D7BE3086-97D2-4498-A574-A82A6A03A952}.Debug|Any CPU.Build.0 = Debug|Any CPU
		{D7BE3086-97D2-4498-A574-A82A6A03A952}.Release|Any CPU.ActiveCfg = Release|Any CPU
		{D7BE3086-97D2-4498-A574-A82A6A03A952}.Release|Any CPU.Build.0 = Release|Any CPU
		{EDF6DA2B-84C3-49FB-8014-198650F6FAF6}.Debug|Any CPU.ActiveCfg = Debug|Any CPU
		{EDF6DA2B-84C3-49FB-8014-198650F6FAF6}.Debug|Any CPU.Build.0 = Debug|Any CPU
		{EDF6DA2B-84C3-49FB-8014-198650F6FAF6}.Release|Any CPU.ActiveCfg = Release|Any CPU
		{EDF6DA2B-84C3-49FB-8014-198650F6FAF6}.Release|Any CPU.Build.0 = Release|Any CPU
		{055CEED7-6BC1-4E04-A4A9-748B7CCF1378}.Debug|Any CPU.ActiveCfg = Debug|Any CPU
		{055CEED7-6BC1-4E04-A4A9-748B7CCF1378}.Debug|Any CPU.Build.0 = Debug|Any CPU
		{055CEED7-6BC1-4E04-A4A9-748B7CCF1378}.Release|Any CPU.ActiveCfg = Release|Any CPU
		{055CEED7-6BC1-4E04-A4A9-748B7CCF1378}.Release|Any CPU.Build.0 = Release|Any CPU
		{2687CC28-E6B9-43E9-871A-38B14E7C63D1}.Debug|Any CPU.ActiveCfg = Debug|Any CPU
		{2687CC28-E6B9-43E9-871A-38B14E7C63D1}.Debug|Any CPU.Build.0 = Debug|Any CPU
		{2687CC28-E6B9-43E9-871A-38B14E7C63D1}.Release|Any CPU.ActiveCfg = Release|Any CPU
		{2687CC28-E6B9-43E9-871A-38B14E7C63D1}.Release|Any CPU.Build.0 = Release|Any CPU
		{9EF7F1ED-7821-4D6C-971C-528E4B530B6E}.Debug|Any CPU.ActiveCfg = Debug|Any CPU
		{9EF7F1ED-7821-4D6C-971C-528E4B530B6E}.Debug|Any CPU.Build.0 = Debug|Any CPU
		{9EF7F1ED-7821-4D6C-971C-528E4B530B6E}.Release|Any CPU.ActiveCfg = Release|Any CPU
		{9EF7F1ED-7821-4D6C-971C-528E4B530B6E}.Release|Any CPU.Build.0 = Release|Any CPU
	EndGlobalSection
	GlobalSection(SolutionProperties) = preSolution
		HideSolutionNode = FALSE
	EndGlobalSection
	GlobalSection(ExtensibilityGlobals) = postSolution
		SolutionGuid = {366DA443-8339-4CA4-9495-3D24EEB41472}
	EndGlobalSection
EndGlobal
